{
  "pins" : [
    {
      "identity" : "ouds-ios",
      "kind" : "remoteSourceControl",
      "location" : "https://github.com/Orange-OpenSource/ouds-ios",
      "state" : {
        "revision" : "bc765ad6a88a9922b4304aeea06aa72e7d555bb0",
        "version" : "1.2.0-rc.1"
      }
    },
    {
      "identity" : "swift-docc-plugin",
      "kind" : "remoteSourceControl",
      "location" : "https://github.com/swiftlang/swift-docc-plugin",
      "state" : {
        "revision" : "e977f65879f82b375a044c8837597f690c067da6",
        "version" : "1.4.6"
      }
    },
    {
      "identity" : "swift-docc-symbolkit",
      "kind" : "remoteSourceControl",
      "location" : "https://github.com/swiftlang/swift-docc-symbolkit",
      "state" : {
        "revision" : "b45d1f2ed151d057b54504d653e0da5552844e34",
        "version" : "1.0.0"
      }
    }
  ],
  "version" : 2
}
